
Microsoft Visual Studio Solution File, Format Version 12.00
# Visual Studio 2013
Project("{FAE04EC0-301F-11D3-BF4B-00C04F79EFBC}") = "UnityVS.rpgcraft.CSharp.Editor", "UnityVS.rpgcraft.CSharp.Editor.csproj", "{273DEDFF-3045-11A2-960A-C7CE7A04102E}"
EndProject
Project("{FAE04EC0-301F-11D3-BF4B-00C04F79EFBC}") = "UnityVS.rpgcraft.CSharp", "UnityVS.rpgcraft.CSharp.csproj", "{A5317731-CBB3-0D1F-8171-70A66C71EADF}"
EndProject
Project("{FAE04EC0-301F-11D3-BF4B-00C04F79EFBC}") = "UnityVS.rpgcraft.CSharp.Plugins", "UnityVS.rpgcraft.CSharp.Plugins.csproj", "{95F14B62-6279-D89E-6A66-7C7EC9BFDFCD}"
EndProject
Global
	GlobalSection(SolutionConfigurationPlatforms) = preSolution
		Debug|Any CPU = Debug|Any CPU
		Release|Any CPU = Release|Any CPU
	EndGlobalSection
	GlobalSection(ProjectConfigurationPlatforms) = postSolution
		{273DEDFF-3045-11A2-960A-C7CE7A04102E}.Debug|Any CPU.ActiveCfg = Debug|Any CPU
		{273DEDFF-3045-11A2-960A-C7CE7A04102E}.Debug|Any CPU.Build.0 = Debug|Any CPU
		{273DEDFF-3045-11A2-960A-C7CE7A04102E}.Release|Any CPU.ActiveCfg = Release|Any CPU
		{273DEDFF-3045-11A2-960A-C7CE7A04102E}.Release|Any CPU.Build.0 = Release|Any CPU
		{A5317731-CBB3-0D1F-8171-70A66C71EADF}.Debug|Any CPU.ActiveCfg = Debug|Any CPU
		{A5317731-CBB3-0D1F-8171-70A66C71EADF}.Debug|Any CPU.Build.0 = Debug|Any CPU
		{A5317731-CBB3-0D1F-8171-70A66C71EADF}.Release|Any CPU.ActiveCfg = Release|Any CPU
		{A5317731-CBB3-0D1F-8171-70A66C71EADF}.Release|Any CPU.Build.0 = Release|Any CPU
		{95F14B62-6279-D89E-6A66-7C7EC9BFDFCD}.Debug|Any CPU.ActiveCfg = Debug|Any CPU
		{95F14B62-6279-D89E-6A66-7C7EC9BFDFCD}.Debug|Any CPU.Build.0 = Debug|Any CPU
		{95F14B62-6279-D89E-6A66-7C7EC9BFDFCD}.Release|Any CPU.ActiveCfg = Release|Any CPU
		{95F14B62-6279-D89E-6A66-7C7EC9BFDFCD}.Release|Any CPU.Build.0 = Release|Any CPU
	EndGlobalSection
	GlobalSection(SolutionProperties) = preSolution
		HideSolutionNode = FALSE
	EndGlobalSection
EndGlobal
